
Microsoft Visual Studio Solution File, Format Version 12.00
# Visual Studio Version 17
VisualStudioVersion = 17.13.35818.85 d17.13
MinimumVisualStudioVersion = 10.0.40219.1
Project("{FAE04EC0-301F-11D3-BF4B-00C04F79EFBC}") = "PersonnummerValidator", "PersonnummerValidator\PersonnummerValidator.csproj", "{DA6A9B7F-C9F3-4F35-9895-35936DC23048}"
EndProject
Project("{FAE04EC0-301F-11D3-BF4B-00C04F79EFBC}") = "PersonnummerValidator.Tests", "PersonnummerValidator.Tests\PersonnummerValidator.Tests.csproj", "{F86E90D9-B9E4-4915-A074-385EC652712C}"
EndProject
Global
	GlobalSection(SolutionConfigurationPlatforms) = preSolution
		Debug|Any CPU = Debug|Any CPU
		Release|Any CPU = Release|Any CPU
	EndGlobalSection
	GlobalSection(ProjectConfigurationPlatforms) = postSolution
		{DA6A9B7F-C9F3-4F35-9895-35936DC23048}.Debug|Any CPU.ActiveCfg = Debug|Any CPU
		{DA6A9B7F-C9F3-4F35-9895-35936DC23048}.Debug|Any CPU.Build.0 = Debug|Any CPU
		{DA6A9B7F-C9F3-4F35-9895-35936DC23048}.Release|Any CPU.ActiveCfg = Release|Any CPU
		{DA6A9B7F-C9F3-4F35-9895-35936DC23048}.Release|Any CPU.Build.0 = Release|Any CPU
		{F86E90D9-B9E4-4915-A074-385EC652712C}.Debug|Any CPU.ActiveCfg = Debug|Any CPU
		{F86E90D9-B9E4-4915-A074-385EC652712C}.Debug|Any CPU.Build.0 = Debug|Any CPU
		{F86E90D9-B9E4-4915-A074-385EC652712C}.Release|Any CPU.ActiveCfg = Release|Any CPU
		{F86E90D9-B9E4-4915-A074-385EC652712C}.Release|Any CPU.Build.0 = Release|Any CPU
	EndGlobalSection
	GlobalSection(SolutionProperties) = preSolution
		HideSolutionNode = FALSE
	EndGlobalSection
	GlobalSection(ExtensibilityGlobals) = postSolution
		SolutionGuid = {F537B72B-F3C4-4AEA-923E-C1059D1F1D80}
	EndGlobalSection
EndGlobal
